// !$*UTF8*$!
{
	archiveVersion = 1;
	classes = {
	};
	objectVersion = 50;
	objects = {

/* Begin PBXBuildFile section */
		D91E583A26587C0600F01B7B /* Readme.md in Resources */ = {isa = PBXBuildFile; fileRef = D91E583926587C0600F01B7B /* Readme.md */; };
		D927498226563EEE00AA618F /* SleepAidApp.swift in Sources */ = {isa = PBXBuildFile; fileRef = D927498126563EEE00AA618F /* SleepAidApp.swift */; };
		D927498426563EEE00AA618F /* ContentView.swift in Sources */ = {isa = PBXBuildFile; fileRef = D927498326563EEE00AA618F /* ContentView.swift */; };
		D927498626563EF300AA618F /* Assets.xcassets in Resources */ = {isa = PBXBuildFile; fileRef = D927498526563EF300AA618F /* Assets.xcassets */; };
		D927498926563EF300AA618F /* Preview Assets.xcassets in Resources */ = {isa = PBXBuildFile; fileRef = D927498826563EF300AA618F /* Preview Assets.xcassets */; };
		D927499426563EF400AA618F /* SleepAidTests.swift in Sources */ = {isa = PBXBuildFile; fileRef = D927499326563EF400AA618F /* SleepAidTests.swift */; };
		D927499F26563EF400AA618F /* SleepAidUITests.swift in Sources */ = {isa = PBXBuildFile; fileRef = D927499E26563EF400AA618F /* SleepAidUITests.swift */; };
		D94152092657752A0069745A /* AccelerationManager.swift in Sources */ = {isa = PBXBuildFile; fileRef = D94152082657752A0069745A /* AccelerationManager.swift */; };
		D941520E26577F100069745A /* Timer.swift in Sources */ = {isa = PBXBuildFile; fileRef = D941520D26577F100069745A /* Timer.swift */; };
/* End PBXBuildFile section */

/* Begin PBXContainerItemProxy section */
		D927499026563EF400AA618F /* PBXContainerItemProxy */ = {
			isa = PBXContainerItemProxy;
			containerPortal = D927497626563EEE00AA618F /* Project object */;
			proxyType = 1;
			remoteGlobalIDString = D927497D26563EEE00AA618F;
			remoteInfo = SleepAid;
		};
		D927499B26563EF400AA618F /* PBXContainerItemProxy */ = {
			isa = PBXContainerItemProxy;
			containerPortal = D927497626563EEE00AA618F /* Project object */;
			proxyType = 1;
			remoteGlobalIDString = D927497D26563EEE00AA618F;
			remoteInfo = SleepAid;
		};
/* End PBXContainerItemProxy section */

/* Begin PBXFileReference section */
		D91E583926587C0600F01B7B /* Readme.md */ = {isa = PBXFileReference; lastKnownFileType = net.daringfireball.markdown; path = Readme.md; sourceTree = "<group>"; };
		D927497E26563EEE00AA618F /* SleepAid.app */ = {isa = PBXFileReference; explicitFileType = wrapper.application; includeInIndex = 0; path = SleepAid.app; sourceTree = BUILT_PRODUCTS_DIR; };
		D927498126563EEE00AA618F /* SleepAidApp.swift */ = {isa = PBXFileReference; lastKnownFileType = sourcecode.swift; path = SleepAidApp.swift; sourceTree = "<group>"; };
		D927498326563EEE00AA618F /* ContentView.swift */ = {isa = PBXFileReference; lastKnownFileType = sourcecode.swift; path = ContentView.swift; sourceTree = "<group>"; };
		D927498526563EF300AA618F /* Assets.xcassets */ = {isa = PBXFileReference; lastKnownFileType = folder.assetcatalog; path = Assets.xcassets; sourceTree = "<group>"; };
		D927498826563EF300AA618F /* Preview Assets.xcassets */ = {isa = PBXFileReference; lastKnownFileType = folder.assetcatalog; path = "Preview Assets.xcassets"; sourceTree = "<group>"; };
		D927498A26563EF300AA618F /* Info.plist */ = {isa = PBXFileReference; lastKnownFileType = text.plist.xml; path = Info.plist; sourceTree = "<group>"; };
		D927498F26563EF400AA618F /* SleepAidTests.xctest */ = {isa = PBXFileReference; explicitFileType = wrapper.cfbundle; includeInIndex = 0; path = SleepAidTests.xctest; sourceTree = BUILT_PRODUCTS_DIR; };
		D927499326563EF400AA618F /* SleepAidTests.swift */ = {isa = PBXFileReference; lastKnownFileType = sourcecode.swift; path = SleepAidTests.swift; sourceTree = "<group>"; };
		D927499526563EF400AA618F /* Info.plist */ = {isa = PBXFileReference; lastKnownFileType = text.plist.xml; path = Info.plist; sourceTree = "<group>"; };
		D927499A26563EF400AA618F /* SleepAidUITests.xctest */ = {isa = PBXFileReference; explicitFileType = wrapper.cfbundle; includeInIndex = 0; path = SleepAidUITests.xctest; sourceTree = BUILT_PRODUCTS_DIR; };
		D927499E26563EF400AA618F /* SleepAidUITests.swift */ = {isa = PBXFileReference; lastKnownFileType = sourcecode.swift; path = SleepAidUITests.swift; sourceTree = "<group>"; };
		D92749A026563EF400AA618F /* Info.plist */ = {isa = PBXFileReference; lastKnownFileType = text.plist.xml; path = Info.plist; sourceTree = "<group>"; };
		D94152082657752A0069745A /* AccelerationManager.swift */ = {isa = PBXFileReference; lastKnownFileType = sourcecode.swift; path = AccelerationManager.swift; sourceTree = "<group>"; };
		D941520D26577F100069745A /* Timer.swift */ = {isa = PBXFileReference; lastKnownFileType = sourcecode.swift; path = Timer.swift; sourceTree = "<group>"; };
/* End PBXFileReference section */

/* Begin PBXFrameworksBuildPhase section */
		D927497B26563EEE00AA618F /* Frameworks */ = {
			isa = PBXFrameworksBuildPhase;
			buildActionMask = 2147483647;
			files = (
			);
			runOnlyForDeploymentPostprocessing = 0;
		};
		D927498C26563EF400AA618F /* Frameworks */ = {
			isa = PBXFrameworksBuildPhase;
			buildActionMask = 2147483647;
			files = (
			);
			runOnlyForDeploymentPostprocessing = 0;
		};
		D927499726563EF400AA618F /* Frameworks */ = {
			isa = PBXFrameworksBuildPhase;
			buildActionMask = 2147483647;
			files = (
			);
			runOnlyForDeploymentPostprocessing = 0;
		};
/* End PBXFrameworksBuildPhase section */

/* Begin PBXGroup section */
		D927497526563EEE00AA618F = {
			isa = PBXGroup;
			children = (
				D91E583926587C0600F01B7B /* Readme.md */,
				D927498026563EEE00AA618F /* SleepAid */,
				D927499226563EF400AA618F /* SleepAidTests */,
				D927499D26563EF400AA618F /* SleepAidUITests */,
				D927497F26563EEE00AA618F /* Products */,
			);
			sourceTree = "<group>";
		};
		D927497F26563EEE00AA618F /* Products */ = {
			isa = PBXGroup;
			children = (
				D927497E26563EEE00AA618F /* SleepAid.app */,
				D927498F26563EF400AA618F /* SleepAidTests.xctest */,
				D927499A26563EF400AA618F /* SleepAidUITests.xctest */,
			);
			name = Products;
			sourceTree = "<group>";
		};
		D927498026563EEE00AA618F /* SleepAid */ = {
			isa = PBXGroup;
			children = (
				D927498126563EEE00AA618F /* SleepAidApp.swift */,
				D927498326563EEE00AA618F /* ContentView.swift */,
				D941520D26577F100069745A /* Timer.swift */,
				D94152082657752A0069745A /* AccelerationManager.swift */,
				D927498526563EF300AA618F /* Assets.xcassets */,
				D927498A26563EF300AA618F /* Info.plist */,
				D927498726563EF300AA618F /* Preview Content */,
			);
			path = SleepAid;
			sourceTree = "<group>";
		};
		D927498726563EF300AA618F /* Preview Content */ = {
			isa = PBXGroup;
			children = (
				D927498826563EF300AA618F /* Preview Assets.xcassets */,
			);
			path = "Preview Content";
			sourceTree = "<group>";
		};
		D927499226563EF400AA618F /* SleepAidTests */ = {
			isa = PBXGroup;
			children = (
				D927499326563EF400AA618F /* SleepAidTests.swift */,
				D927499526563EF400AA618F /* Info.plist */,
			);
			path = SleepAidTests;
			sourceTree = "<group>";
		};
		D927499D26563EF400AA618F /* SleepAidUITests */ = {
			isa = PBXGroup;
			children = (
				D927499E26563EF400AA618F /* SleepAidUITests.swift */,
				D92749A026563EF400AA618F /* Info.plist */,
			);
			path = SleepAidUITests;
			sourceTree = "<group>";
		};
/* End PBXGroup section */

/* Begin PBXNativeTarget section */
		D927497D26563EEE00AA618F /* SleepAid */ = {
			isa = PBXNativeTarget;
			buildConfigurationList = D92749A326563EF400AA618F /* Build configuration list for PBXNativeTarget "SleepAid" */;
			buildPhases = (
				D927497A26563EEE00AA618F /* Sources */,
				D927497B26563EEE00AA618F /* Frameworks */,
				D927497C26563EEE00AA618F /* Resources */,
			);
			buildRules = (
			);
			dependencies = (
			);
			name = SleepAid;
			productName = SleepAid;
			productReference = D927497E26563EEE00AA618F /* SleepAid.app */;
			productType = "com.apple.product-type.application";
		};
		D927498E26563EF400AA618F /* SleepAidTests */ = {
			isa = PBXNativeTarget;
			buildConfigurationList = D92749A626563EF400AA618F /* Build configuration list for PBXNativeTarget "SleepAidTests" */;
			buildPhases = (
				D927498B26563EF400AA618F /* Sources */,
				D927498C26563EF400AA618F /* Frameworks */,
				D927498D26563EF400AA618F /* Resources */,
			);
			buildRules = (
			);
			dependencies = (
				D927499126563EF400AA618F /* PBXTargetDependency */,
			);
			name = SleepAidTests;
			productName = SleepAidTests;
			productReference = D927498F26563EF400AA618F /* SleepAidTests.xctest */;
			productType = "com.apple.product-type.bundle.unit-test";
		};
		D927499926563EF400AA618F /* SleepAidUITests */ = {
			isa = PBXNativeTarget;
			buildConfigurationList = D92749A926563EF400AA618F /* Build configuration list for PBXNativeTarget "SleepAidUITests" */;
			buildPhases = (
				D927499626563EF400AA618F /* Sources */,
				D927499726563EF400AA618F /* Frameworks */,
				D927499826563EF400AA618F /* Resources */,
			);
			buildRules = (
			);
			dependencies = (
				D927499C26563EF400AA618F /* PBXTargetDependency */,
			);
			name = SleepAidUITests;
			productName = SleepAidUITests;
			productReference = D927499A26563EF400AA618F /* SleepAidUITests.xctest */;
			productType = "com.apple.product-type.bundle.ui-testing";
		};
/* End PBXNativeTarget section */

/* Begin PBXProject section */
		D927497626563EEE00AA618F /* Project object */ = {
			isa = PBXProject;
			attributes = {
				LastSwiftUpdateCheck = 1240;
				LastUpgradeCheck = 1240;
				TargetAttributes = {
					D927497D26563EEE00AA618F = {
						CreatedOnToolsVersion = 12.4;
					};
					D927498E26563EF400AA618F = {
						CreatedOnToolsVersion = 12.4;
						TestTargetID = D927497D26563EEE00AA618F;
					};
					D927499926563EF400AA618F = {
						CreatedOnToolsVersion = 12.4;
						TestTargetID = D927497D26563EEE00AA618F;
					};
				};
			};
			buildConfigurationList = D927497926563EEE00AA618F /* Build configuration list for PBXProject "SleepAid" */;
			compatibilityVersion = "Xcode 9.3";
			developmentRegion = en;
			hasScannedForEncodings = 0;
			knownRegions = (
				en,
				Base,
			);
			mainGroup = D927497526563EEE00AA618F;
			productRefGroup = D927497F26563EEE00AA618F /* Products */;
			projectDirPath = "";
			projectRoot = "";
			targets = (
				D927497D26563EEE00AA618F /* SleepAid */,
				D927498E26563EF400AA618F /* SleepAidTests */,
				D927499926563EF400AA618F /* SleepAidUITests */,
			);
		};
/* End PBXProject section */

/* Begin PBXResourcesBuildPhase section */
		D927497C26563EEE00AA618F /* Resources */ = {
			isa = PBXResourcesBuildPhase;
			buildActionMask = 2147483647;
			files = (
				D927498926563EF300AA618F /* Preview Assets.xcassets in Resources */,
				D927498626563EF300AA618F /* Assets.xcassets in Resources */,
				D91E583A26587C0600F01B7B /* Readme.md in Resources */,
			);
			runOnlyForDeploymentPostprocessing = 0;
		};
		D927498D26563EF400AA618F /* Resources */ = {
			isa = PBXResourcesBuildPhase;
			buildActionMask = 2147483647;
			files = (
			);
			runOnlyForDeploymentPostprocessing = 0;
		};
		D927499826563EF400AA618F /* Resources */ = {
			isa = PBXResourcesBuildPhase;
			buildActionMask = 2147483647;
			files = (
			);
			runOnlyForDeploymentPostprocessing = 0;
		};
/* End PBXResourcesBuildPhase section */

/* Begin PBXSourcesBuildPhase section */
		D927497A26563EEE00AA618F /* Sources */ = {
			isa = PBXSourcesBuildPhase;
			buildActionMask = 2147483647;
			files = (
				D927498426563EEE00AA618F /* ContentView.swift in Sources */,
				D94152092657752A0069745A /* AccelerationManager.swift in Sources */,
				D927498226563EEE00AA618F /* SleepAidApp.swift in Sources */,
				D941520E26577F100069745A /* Timer.swift in Sources */,
			);
			runOnlyForDeploymentPostprocessing = 0;
		};
		D927498B26563EF400AA618F /* Sources */ = {
			isa = PBXSourcesBuildPhase;
			buildActionMask = 2147483647;
			files = (
				D927499426563EF400AA618F /* SleepAidTests.swift in Sources */,
			);
			runOnlyForDeploymentPostprocessing = 0;
		};
		D927499626563EF400AA618F /* Sources */ = {
			isa = PBXSourcesBuildPhase;
			buildActionMask = 2147483647;
			files = (
				D927499F26563EF400AA618F /* SleepAidUITests.swift in Sources */,
			);
			runOnlyForDeploymentPostprocessing = 0;
		};
/* End PBXSourcesBuildPhase section */

/* Begin PBXTargetDependency section */
		D927499126563EF400AA618F /* PBXTargetDependency */ = {
			isa = PBXTargetDependency;
			target = D927497D26563EEE00AA618F /* SleepAid */;
			targetProxy = D927499026563EF400AA618F /* PBXContainerItemProxy */;
		};
		D927499C26563EF400AA618F /* PBXTargetDependency */ = {
			isa = PBXTargetDependency;
			target = D927497D26563EEE00AA618F /* SleepAid */;
			targetProxy = D927499B26563EF400AA618F /* PBXContainerItemProxy */;
		};
/* End PBXTargetDependency section */

/* Begin XCBuildConfiguration section */
		D92749A126563EF400AA618F /* Debug */ = {
			isa = XCBuildConfiguration;
			buildSettings = {
				ALWAYS_SEARCH_USER_PATHS = NO;
				CLANG_ANALYZER_NONNULL = YES;
				CLANG_ANALYZER_NUMBER_OBJECT_CONVERSION = YES_AGGRESSIVE;
				CLANG_CXX_LANGUAGE_STANDARD = "gnu++14";
				CLANG_CXX_LIBRARY = "libc++";
				CLANG_ENABLE_MODULES = YES;
				CLANG_ENABLE_OBJC_ARC = YES;
				CLANG_ENABLE_OBJC_WEAK = YES;
				CLANG_WARN_BLOCK_CAPTURE_AUTORELEASING = YES;
				CLANG_WARN_BOOL_CONVERSION = YES;
				CLANG_WARN_COMMA = YES;
				CLANG_WARN_CONSTANT_CONVERSION = YES;
				CLANG_WARN_DEPRECATED_OBJC_IMPLEMENTATIONS = YES;
				CLANG_WARN_DIRECT_OBJC_ISA_USAGE = YES_ERROR;
				CLANG_WARN_DOCUMENTATION_COMMENTS = YES;
				CLANG_WARN_EMPTY_BODY = YES;
				CLANG_WARN_ENUM_CONVERSION = YES;
				CLANG_WARN_INFINITE_RECURSION = YES;
				CLANG_WARN_INT_CONVERSION = YES;
				CLANG_WARN_NON_LITERAL_NULL_CONVERSION = YES;
				CLANG_WARN_OBJC_IMPLICIT_RETAIN_SELF = YES;
				CLANG_WARN_OBJC_LITERAL_CONVERSION = YES;
				CLANG_WARN_OBJC_ROOT_CLASS = YES_ERROR;
				CLANG_WARN_QUOTED_INCLUDE_IN_FRAMEWORK_HEADER = YES;
				CLANG_WARN_RANGE_LOOP_ANALYSIS = YES;
				CLANG_WARN_STRICT_PROTOTYPES = YES;
				CLANG_WARN_SUSPICIOUS_MOVE = YES;
				CLANG_WARN_UNGUARDED_AVAILABILITY = YES_AGGRESSIVE;
				CLANG_WARN_UNREACHABLE_CODE = YES;
				CLANG_WARN__DUPLICATE_METHOD_MATCH = YES;
				COPY_PHASE_STRIP = NO;
				DEBUG_INFORMATION_FORMAT = dwarf;
				ENABLE_STRICT_OBJC_MSGSEND = YES;
				ENABLE_TESTABILITY = YES;
				GCC_C_LANGUAGE_STANDARD = gnu11;
				GCC_DYNAMIC_NO_PIC = NO;
				GCC_NO_COMMON_BLOCKS = YES;
				GCC_OPTIMIZATION_LEVEL = 0;
				GCC_PREPROCESSOR_DEFINITIONS = (
					"DEBUG=1",
					"$(inherited)",
				);
				GCC_WARN_64_TO_32_BIT_CONVERSION = YES;
				GCC_WARN_ABOUT_RETURN_TYPE = YES_ERROR;
				GCC_WARN_UNDECLARED_SELECTOR = YES;
				GCC_WARN_UNINITIALIZED_AUTOS = YES_AGGRESSIVE;
				GCC_WARN_UNUSED_FUNCTION = YES;
				GCC_WARN_UNUSED_VARIABLE = YES;
				IPHONEOS_DEPLOYMENT_TARGET = 14.4;
				MTL_ENABLE_DEBUG_INFO = INCLUDE_SOURCE;
				MTL_FAST_MATH = YES;
				ONLY_ACTIVE_ARCH = YES;
				SDKROOT = iphoneos;
				SWIFT_ACTIVE_COMPILATION_CONDITIONS = DEBUG;
				SWIFT_OPTIMIZATION_LEVEL = "-Onone";
			};
			name = Debug;
		};
		D92749A226563EF400AA618F /* Release */ = {
			isa = XCBuildConfiguration;
			buildSettings = {
				ALWAYS_SEARCH_USER_PATHS = NO;
				CLANG_ANALYZER_NONNULL = YES;
				CLANG_ANALYZER_NUMBER_OBJECT_CONVERSION = YES_AGGRESSIVE;
				CLANG_CXX_LANGUAGE_STANDARD = "gnu++14";
				CLANG_CXX_LIBRARY = "libc++";
				CLANG_ENABLE_MODULES = YES;
				CLANG_ENABLE_OBJC_ARC = YES;
				CLANG_ENABLE_OBJC_WEAK = YES;
				CLANG_WARN_BLOCK_CAPTURE_AUTORELEASING = YES;
				CLANG_WARN_BOOL_CONVERSION = YES;
				CLANG_WARN_COMMA = YES;
				CLANG_WARN_CONSTANT_CONVERSION = YES;
				CLANG_WARN_DEPRECATED_OBJC_IMPLEMENTATIONS = YES;
				CLANG_WARN_DIRECT_OBJC_ISA_USAGE = YES_ERROR;
				CLANG_WARN_DOCUMENTATION_COMMENTS = YES;
				CLANG_WARN_EMPTY_BODY = YES;
				CLANG_WARN_ENUM_CONVERSION = YES;
				CLANG_WARN_INFINITE_RECURSION = YES;
				CLANG_WARN_INT_CONVERSION = YES;
				CLANG_WARN_NON_LITERAL_NULL_CONVERSION = YES;
				CLANG_WARN_OBJC_IMPLICIT_RETAIN_SELF = YES;
				CLANG_WARN_OBJC_LITERAL_CONVERSION = YES;
				CLANG_WARN_OBJC_ROOT_CLASS = YES_ERROR;
				CLANG_WARN_QUOTED_INCLUDE_IN_FRAMEWORK_HEADER = YES;
				CLANG_WARN_RANGE_LOOP_ANALYSIS = YES;
				CLANG_WARN_STRICT_PROTOTYPES = YES;
				CLANG_WARN_SUSPICIOUS_MOVE = YES;
				CLANG_WARN_UNGUARDED_AVAILABILITY = YES_AGGRESSIVE;
				CLANG_WARN_UNREACHABLE_CODE = YES;
				CLANG_WARN__DUPLICATE_METHOD_MATCH = YES;
				COPY_PHASE_STRIP = NO;
				DEBUG_INFORMATION_FORMAT = "dwarf-with-dsym";
				ENABLE_NS_ASSERTIONS = NO;
				ENABLE_STRICT_OBJC_MSGSEND = YES;
				GCC_C_LANGUAGE_STANDARD = gnu11;
				GCC_NO_COMMON_BLOCKS = YES;
				GCC_WARN_64_TO_32_BIT_CONVERSION = YES;
				GCC_WARN_ABOUT_RETURN_TYPE = YES_ERROR;
				GCC_WARN_UNDECLARED_SELECTOR = YES;
				GCC_WARN_UNINITIALIZED_AUTOS = YES_AGGRESSIVE;
				GCC_WARN_UNUSED_FUNCTION = YES;
				GCC_WARN_UNUSED_VARIABLE = YES;
				IPHONEOS_DEPLOYMENT_TARGET = 14.4;
				MTL_ENABLE_DEBUG_INFO = NO;
				MTL_FAST_MATH = YES;
				SDKROOT = iphoneos;
				SWIFT_COMPILATION_MODE = wholemodule;
				SWIFT_OPTIMIZATION_LEVEL = "-O";
				VALIDATE_PRODUCT = YES;
			};
			name = Release;
		};
		D92749A426563EF400AA618F /* Debug */ = {
			isa = XCBuildConfiguration;
			buildSettings = {
				ASSETCATALOG_COMPILER_APPICON_NAME = AppIcon;
				ASSETCATALOG_COMPILER_GLOBAL_ACCENT_COLOR_NAME = AccentColor;
				CODE_SIGN_STYLE = Automatic;
				DEVELOPMENT_ASSET_PATHS = "\"SleepAid/Preview Content\"";
				DEVELOPMENT_TEAM = QTT2JY49L9;
				ENABLE_PREVIEWS = YES;
				INFOPLIST_FILE = SleepAid/Info.plist;
				IPHONEOS_DEPLOYMENT_TARGET = 14.0;
				LD_RUNPATH_SEARCH_PATHS = (
					"$(inherited)",
					"@executable_path/Frameworks",
				);
				PRODUCT_BUNDLE_IDENTIFIER = Austin.SleepAid;
				PRODUCT_NAME = "$(TARGET_NAME)";
				SWIFT_VERSION = 5.0;
				TARGETED_DEVICE_FAMILY = "1,2";
			};
			name = Debug;
		};
		D92749A526563EF400AA618F /* Release */ = {
			isa = XCBuildConfiguration;
			buildSettings = {
				ASSETCATALOG_COMPILER_APPICON_NAME = AppIcon;
				ASSETCATALOG_COMPILER_GLOBAL_ACCENT_COLOR_NAME = AccentColor;
				CODE_SIGN_STYLE = Automatic;
				DEVELOPMENT_ASSET_PATHS = "\"SleepAid/Preview Content\"";
				DEVELOPMENT_TEAM = QTT2JY49L9;
				ENABLE_PREVIEWS = YES;
				INFOPLIST_FILE = SleepAid/Info.plist;
				IPHONEOS_DEPLOYMENT_TARGET = 14.0;
				LD_RUNPATH_SEARCH_PATHS = (
					"$(inherited)",
					"@executable_path/Frameworks",
				);
				PRODUCT_BUNDLE_IDENTIFIER = Austin.SleepAid;
				PRODUCT_NAME = "$(TARGET_NAME)";
				SWIFT_VERSION = 5.0;
				TARGETED_DEVICE_FAMILY = "1,2";
			};
			name = Release;
		};
		D92749A726563EF400AA618F /* Debug */ = {
			isa = XCBuildConfiguration;
			buildSettings = {
				ALWAYS_EMBED_SWIFT_STANDARD_LIBRARIES = YES;
				BUNDLE_LOADER = "$(TEST_HOST)";
				CODE_SIGN_STYLE = Automatic;
				DEVELOPMENT_TEAM = QTT2JY49L9;
				INFOPLIST_FILE = SleepAidTests/Info.plist;
				IPHONEOS_DEPLOYMENT_TARGET = 14.0;
				LD_RUNPATH_SEARCH_PATHS = (
					"$(inherited)",
					"@executable_path/Frameworks",
					"@loader_path/Frameworks",
				);
				PRODUCT_BUNDLE_IDENTIFIER = Austin.SleepAidTests;
				PRODUCT_NAME = "$(TARGET_NAME)";
				SWIFT_VERSION = 5.0;
				TARGETED_DEVICE_FAMILY = "1,2";
				TEST_HOST = "$(BUILT_PRODUCTS_DIR)/SleepAid.app/SleepAid";
			};
			name = Debug;
		};
		D92749A826563EF400AA618F /* Release */ = {
			isa = XCBuildConfiguration;
			buildSettings = {
				ALWAYS_EMBED_SWIFT_STANDARD_LIBRARIES = YES;
				BUNDLE_LOADER = "$(TEST_HOST)";
				CODE_SIGN_STYLE = Automatic;
				DEVELOPMENT_TEAM = QTT2JY49L9;
				INFOPLIST_FILE = SleepAidTests/Info.plist;
				IPHONEOS_DEPLOYMENT_TARGET = 14.0;
				LD_RUNPATH_SEARCH_PATHS = (
					"$(inherited)",
					"@executable_path/Frameworks",
					"@loader_path/Frameworks",
				);
				PRODUCT_BUNDLE_IDENTIFIER = Austin.SleepAidTests;
				PRODUCT_NAME = "$(TARGET_NAME)";
				SWIFT_VERSION = 5.0;
				TARGETED_DEVICE_FAMILY = "1,2";
				TEST_HOST = "$(BUILT_PRODUCTS_DIR)/SleepAid.app/SleepAid";
			};
			name = Release;
		};
		D92749AA26563EF400AA618F /* Debug */ = {
			isa = XCBuildConfiguration;
			buildSettings = {
				ALWAYS_EMBED_SWIFT_STANDARD_LIBRARIES = YES;
				CODE_SIGN_STYLE = Automatic;
				DEVELOPMENT_TEAM = QTT2JY49L9;
				INFOPLIST_FILE = SleepAidUITests/Info.plist;
				LD_RUNPATH_SEARCH_PATHS = (
					"$(inherited)",
					"@executable_path/Frameworks",
					"@loader_path/Frameworks",
				);
				PRODUCT_BUNDLE_IDENTIFIER = Austin.SleepAidUITests;
				PRODUCT_NAME = "$(TARGET_NAME)";
				SWIFT_VERSION = 5.0;
				TARGETED_DEVICE_FAMILY = "1,2";
				TEST_TARGET_NAME = SleepAid;
			};
			name = Debug;
		};
		D92749AB26563EF400AA618F /* Release */ = {
			isa = XCBuildConfiguration;
			buildSettings = {
				ALWAYS_EMBED_SWIFT_STANDARD_LIBRARIES = YES;
				CODE_SIGN_STYLE = Automatic;
				DEVELOPMENT_TEAM = QTT2JY49L9;
				INFOPLIST_FILE = SleepAidUITests/Info.plist;
				LD_RUNPATH_SEARCH_PATHS = (
					"$(inherited)",
					"@executable_path/Frameworks",
					"@loader_path/Frameworks",
				);
				PRODUCT_BUNDLE_IDENTIFIER = Austin.SleepAidUITests;
				PRODUCT_NAME = "$(TARGET_NAME)";
				SWIFT_VERSION = 5.0;
				TARGETED_DEVICE_FAMILY = "1,2";
				TEST_TARGET_NAME = SleepAid;
			};
			name = Release;
		};
/* End XCBuildConfiguration section */

/* Begin XCConfigurationList section */
		D927497926563EEE00AA618F /* Build configuration list for PBXProject "SleepAid" */ = {
			isa = XCConfigurationList;
			buildConfigurations = (
				D92749A126563EF400AA618F /* Debug */,
				D92749A226563EF400AA618F /* Release */,
			);
			defaultConfigurationIsVisible = 0;
			defaultConfigurationName = Release;
		};
		D92749A326563EF400AA618F /* Build configuration list for PBXNativeTarget "SleepAid" */ = {
			isa = XCConfigurationList;
			buildConfigurations = (
				D92749A426563EF400AA618F /* Debug */,
				D92749A526563EF400AA618F /* Release */,
			);
			defaultConfigurationIsVisible = 0;
			defaultConfigurationName = Release;
		};
		D92749A626563EF400AA618F /* Build configuration list for PBXNativeTarget "SleepAidTests" */ = {
			isa = XCConfigurationList;
			buildConfigurations = (
				D92749A726563EF400AA618F /* Debug */,
				D92749A826563EF400AA618F /* Release */,
			);
			defaultConfigurationIsVisible = 0;
			defaultConfigurationName = Release;
		};
		D92749A926563EF400AA618F /* Build configuration list for PBXNativeTarget "SleepAidUITests" */ = {
			isa = XCConfigurationList;
			buildConfigurations = (
				D92749AA26563EF400AA618F /* Debug */,
				D92749AB26563EF400AA618F /* Release */,
			);
			defaultConfigurationIsVisible = 0;
			defaultConfigurationName = Release;
		};
/* End XCConfigurationList section */
	};
	rootObject = D927497626563EEE00AA618F /* Project object */;
}
